
Microsoft Visual Studio Solution File, Format Version 12.00
# Visual Studio 15
VisualStudioVersion = 15.0.27004.2005
MinimumVisualStudioVersion = 10.0.40219.1
Project("{9A19103F-16F7-4668-BE54-9A1E7A4F7556}") = "CustomIdentityStore", "CustomIdentityStore\CustomIdentityStore.csproj", "{5CE40FD3-8E0E-4DFF-88AE-C21A4279FAD7}"
EndProject
Project("{2150E333-8FDC-42A3-9474-1A3956D46DE8}") = "Solution Items", "Solution Items", "{E94A6BA9-152A-43FE-A80C-8287332BA97C}"
	ProjectSection(SolutionItems) = preProject
		README.md = README.md
	EndProjectSection
EndProject
Global
	GlobalSection(SolutionConfigurationPlatforms) = preSolution
		Debug|Any CPU = Debug|Any CPU
		Release|Any CPU = Release|Any CPU
	EndGlobalSection
	GlobalSection(ProjectConfigurationPlatforms) = postSolution
		{5CE40FD3-8E0E-4DFF-88AE-C21A4279FAD7}.Debug|Any CPU.ActiveCfg = Debug|Any CPU
		{5CE40FD3-8E0E-4DFF-88AE-C21A4279FAD7}.Debug|Any CPU.Build.0 = Debug|Any CPU
		{5CE40FD3-8E0E-4DFF-88AE-C21A4279FAD7}.Release|Any CPU.ActiveCfg = Release|Any CPU
		{5CE40FD3-8E0E-4DFF-88AE-C21A4279FAD7}.Release|Any CPU.Build.0 = Release|Any CPU
	EndGlobalSection
	GlobalSection(SolutionProperties) = preSolution
		HideSolutionNode = FALSE
	EndGlobalSection
	GlobalSection(ExtensibilityGlobals) = postSolution
		SolutionGuid = {8E8986CB-0025-419B-8580-0118ACB73DF3}
	EndGlobalSection
EndGlobal
